
Microsoft Visual Studio Solution File, Format Version 12.00
# Visual Studio Version 17
VisualStudioVersion = 17.8.34408.163
MinimumVisualStudioVersion = 10.0.40219.1
Project("{FAE04EC0-301F-11D3-BF4B-00C04F79EFBC}") = "LAbSheet1", "LAbSheet1\LAbSheet1.csproj", "{0699EC6B-477A-4DF6-B8E1-1809A1FFF24B}"
EndProject
Global
	GlobalSection(SolutionConfigurationPlatforms) = preSolution
		Debug|Any CPU = Debug|Any CPU
		Release|Any CPU = Release|Any CPU
	EndGlobalSection
	GlobalSection(ProjectConfigurationPlatforms) = postSolution
		{0699EC6B-477A-4DF6-B8E1-1809A1FFF24B}.Debug|Any CPU.ActiveCfg = Debug|Any CPU
		{0699EC6B-477A-4DF6-B8E1-1809A1FFF24B}.Debug|Any CPU.Build.0 = Debug|Any CPU
		{0699EC6B-477A-4DF6-B8E1-1809A1FFF24B}.Release|Any CPU.ActiveCfg = Release|Any CPU
		{0699EC6B-477A-4DF6-B8E1-1809A1FFF24B}.Release|Any CPU.Build.0 = Release|Any CPU
	EndGlobalSection
	GlobalSection(SolutionProperties) = preSolution
		HideSolutionNode = FALSE
	EndGlobalSection
	GlobalSection(ExtensibilityGlobals) = postSolution
		SolutionGuid = {19152278-952F-4422-AD15-44AFB02894D6}
	EndGlobalSection
EndGlobal
